
Microsoft Visual Studio Solution File, Format Version 12.00
# Visual Studio 15
VisualStudioVersion = 15.0.28307.645
MinimumVisualStudioVersion = 10.0.40219.1
Project("{FAE04EC0-301F-11D3-BF4B-00C04F79EFBC}") = "KalWeb", "KalWeb\KalWeb.csproj", "{816002C3-BB8A-4064-A90D-F6860941D676}"
EndProject
Global
	GlobalSection(SolutionConfigurationPlatforms) = preSolution
		Debug|Any CPU = Debug|Any CPU
		Release|Any CPU = Release|Any CPU
	EndGlobalSection
	GlobalSection(ProjectConfigurationPlatforms) = postSolution
		{816002C3-BB8A-4064-A90D-F6860941D676}.Debug|Any CPU.ActiveCfg = Debug|Any CPU
		{816002C3-BB8A-4064-A90D-F6860941D676}.Debug|Any CPU.Build.0 = Debug|Any CPU
		{816002C3-BB8A-4064-A90D-F6860941D676}.Release|Any CPU.ActiveCfg = Release|Any CPU
		{816002C3-BB8A-4064-A90D-F6860941D676}.Release|Any CPU.Build.0 = Release|Any CPU
	EndGlobalSection
	GlobalSection(SolutionProperties) = preSolution
		HideSolutionNode = FALSE
	EndGlobalSection
	GlobalSection(ExtensibilityGlobals) = postSolution
		SolutionGuid = {7627B60B-B48C-4CC9-A6C6-0B1A724DD289}
	EndGlobalSection
EndGlobal
